{
    "_readme": [
        "This file locks the dependencies of your project to a known state",
        "Read more about it at https://getcomposer.org/doc/01-basic-usage.md#installing-dependencies",
        "This file is @generated automatically"
    ],
    "content-hash": "586b935216e81fe589376902f97d31bb",
    "packages": [
        {
            "name": "wesbos/burner-email-providers",
            "version": "0.0.1",
            "source": {
                "type": "git",
                "url": "https://github.com/wesbos/burner-email-providers.git",
                "reference": "master"
            },
            "type": "library"
        }
    ],
    "packages-dev": [],
    "aliases": [],
    "minimum-stability": "stable",
    "stability-flags": [],
    "prefer-stable": false,
    "prefer-lowest": false,
    "platform": [],
    "platform-dev": []
}
